
Microsoft Visual Studio Solution File, Format Version 12.00
# Visual Studio Version 17
VisualStudioVersion = 17.5.33516.290
MinimumVisualStudioVersion = 10.0.40219.1
Project("{FAE04EC0-301F-11D3-BF4B-00C04F79EFBC}") = "Facturacion", "Facturacion\Facturacion.csproj", "{88D430FC-C3F3-46AA-911E-B637C5253644}"
EndProject
Global
	GlobalSection(SolutionConfigurationPlatforms) = preSolution
		Debug|Any CPU = Debug|Any CPU
		Release|Any CPU = Release|Any CPU
	EndGlobalSection
	GlobalSection(ProjectConfigurationPlatforms) = postSolution
		{88D430FC-C3F3-46AA-911E-B637C5253644}.Debug|Any CPU.ActiveCfg = Debug|Any CPU
		{88D430FC-C3F3-46AA-911E-B637C5253644}.Debug|Any CPU.Build.0 = Debug|Any CPU
		{88D430FC-C3F3-46AA-911E-B637C5253644}.Release|Any CPU.ActiveCfg = Release|Any CPU
		{88D430FC-C3F3-46AA-911E-B637C5253644}.Release|Any CPU.Build.0 = Release|Any CPU
	EndGlobalSection
	GlobalSection(SolutionProperties) = preSolution
		HideSolutionNode = FALSE
	EndGlobalSection
	GlobalSection(ExtensibilityGlobals) = postSolution
		SolutionGuid = {7A5A90D8-9EC6-4180-8674-1D8D1274453A}
	EndGlobalSection
EndGlobal
